version = 1
revision = 2
requires-python = ">=3.11"

[[package]]
name = "range-strategy"
version = "0.1.0"
source = { virtual = "." }
dependencies = [
    { name = "ultimate-setups" },
]

[package.metadata]
requires-dist = [{ name = "ultimate-setups", editable = "../ultimate_setups" }]

[[package]]
name = "ultimate-setups"
version = "0.1.0"
source = { editable = "../ultimate_setups" }
